
Microsoft Visual Studio Solution File, Format Version 12.00
# Visual Studio Version 17
VisualStudioVersion = 17.11.35327.3
MinimumVisualStudioVersion = 10.0.40219.1
Project("{D954291E-2A0B-460D-934E-DC6B0785DB48}") = "Bindings", "Bindings\Bindings.shproj", "{1A4FF3ED-7E17-457E-AD54-AA1BA4B0111C}"
EndProject
Project("{FAE04EC0-301F-11D3-BF4B-00C04F79EFBC}") = "MirageMUD_Server", "MirageMUD_Server\MirageMUD_Server.csproj", "{A2B98BC6-0AE9-4B09-A09D-631AA34152D4}"
EndProject
Project("{FAE04EC0-301F-11D3-BF4B-00C04F79EFBC}") = "MirageMUD_Web", "MirageMUD_Web\MirageMUD_Web.csproj", "{510DE579-AA40-4CBF-B0A0-A4613A4687BA}"
EndProject
Global
	GlobalSection(SolutionConfigurationPlatforms) = preSolution
		Debug|Any CPU = Debug|Any CPU
		Release|Any CPU = Release|Any CPU
	EndGlobalSection
	GlobalSection(ProjectConfigurationPlatforms) = postSolution
		{A2B98BC6-0AE9-4B09-A09D-631AA34152D4}.Debug|Any CPU.ActiveCfg = Debug|Any CPU
		{A2B98BC6-0AE9-4B09-A09D-631AA34152D4}.Debug|Any CPU.Build.0 = Debug|Any CPU
		{A2B98BC6-0AE9-4B09-A09D-631AA34152D4}.Release|Any CPU.ActiveCfg = Release|Any CPU
		{A2B98BC6-0AE9-4B09-A09D-631AA34152D4}.Release|Any CPU.Build.0 = Release|Any CPU
		{510DE579-AA40-4CBF-B0A0-A4613A4687BA}.Debug|Any CPU.ActiveCfg = Debug|Any CPU
		{510DE579-AA40-4CBF-B0A0-A4613A4687BA}.Debug|Any CPU.Build.0 = Debug|Any CPU
		{510DE579-AA40-4CBF-B0A0-A4613A4687BA}.Release|Any CPU.ActiveCfg = Release|Any CPU
		{510DE579-AA40-4CBF-B0A0-A4613A4687BA}.Release|Any CPU.Build.0 = Release|Any CPU
	EndGlobalSection
	GlobalSection(SolutionProperties) = preSolution
		HideSolutionNode = FALSE
	EndGlobalSection
	GlobalSection(ExtensibilityGlobals) = postSolution
		SolutionGuid = {C56D769E-BBBC-4196-BE80-4516D43D1CD6}
	EndGlobalSection
	GlobalSection(SharedMSBuildProjectFiles) = preSolution
		Bindings\Bindings.projitems*{1a4ff3ed-7e17-457e-ad54-aa1ba4b0111c}*SharedItemsImports = 13
		Bindings\Bindings.projitems*{a2b98bc6-0ae9-4b09-a09d-631aa34152d4}*SharedItemsImports = 5
	EndGlobalSection
EndGlobal
